
Microsoft Visual Studio Solution File, Format Version 12.00
# Visual Studio 14
VisualStudioVersion = 14.0.25420.1
MinimumVisualStudioVersion = 10.0.40219.1
Project("{FAE04EC0-301F-11D3-BF4B-00C04F79EFBC}") = "LesApp0", "LesApp0\LesApp0.csproj", "{FB01ED58-F1F2-4D8F-98E8-6005992387E0}"
EndProject
Project("{FAE04EC0-301F-11D3-BF4B-00C04F79EFBC}") = "LesAppLib", "LesAppLib\LesAppLib.csproj", "{9F471129-D732-4B53-B710-77084B0384A2}"
EndProject
Project("{FAE04EC0-301F-11D3-BF4B-00C04F79EFBC}") = "LesAppCRUD", "LesAppCRUD\LesAppCRUD.csproj", "{EE16B549-31EE-4D38-962F-D06263B66918}"
EndProject
Project("{FAE04EC0-301F-11D3-BF4B-00C04F79EFBC}") = "LesAppCreateDB", "LesAppCreateDB\LesAppCreateDB.csproj", "{51D406A0-0D0B-4B85-96CE-4ECF073DAC41}"
EndProject
Project("{FAE04EC0-301F-11D3-BF4B-00C04F79EFBC}") = "LesApp1", "LesApp1\LesApp1.csproj", "{20B39195-66A3-4D9E-BACE-8A8EA65C9F7F}"
EndProject
Global
	GlobalSection(SolutionConfigurationPlatforms) = preSolution
		Debug|Any CPU = Debug|Any CPU
		Release|Any CPU = Release|Any CPU
	EndGlobalSection
	GlobalSection(ProjectConfigurationPlatforms) = postSolution
		{FB01ED58-F1F2-4D8F-98E8-6005992387E0}.Debug|Any CPU.ActiveCfg = Debug|Any CPU
		{FB01ED58-F1F2-4D8F-98E8-6005992387E0}.Debug|Any CPU.Build.0 = Debug|Any CPU
		{FB01ED58-F1F2-4D8F-98E8-6005992387E0}.Release|Any CPU.ActiveCfg = Release|Any CPU
		{FB01ED58-F1F2-4D8F-98E8-6005992387E0}.Release|Any CPU.Build.0 = Release|Any CPU
		{9F471129-D732-4B53-B710-77084B0384A2}.Debug|Any CPU.ActiveCfg = Debug|Any CPU
		{9F471129-D732-4B53-B710-77084B0384A2}.Debug|Any CPU.Build.0 = Debug|Any CPU
		{9F471129-D732-4B53-B710-77084B0384A2}.Release|Any CPU.ActiveCfg = Release|Any CPU
		{9F471129-D732-4B53-B710-77084B0384A2}.Release|Any CPU.Build.0 = Release|Any CPU
		{EE16B549-31EE-4D38-962F-D06263B66918}.Debug|Any CPU.ActiveCfg = Debug|Any CPU
		{EE16B549-31EE-4D38-962F-D06263B66918}.Debug|Any CPU.Build.0 = Debug|Any CPU
		{EE16B549-31EE-4D38-962F-D06263B66918}.Release|Any CPU.ActiveCfg = Release|Any CPU
		{EE16B549-31EE-4D38-962F-D06263B66918}.Release|Any CPU.Build.0 = Release|Any CPU
		{51D406A0-0D0B-4B85-96CE-4ECF073DAC41}.Debug|Any CPU.ActiveCfg = Debug|Any CPU
		{51D406A0-0D0B-4B85-96CE-4ECF073DAC41}.Debug|Any CPU.Build.0 = Debug|Any CPU
		{51D406A0-0D0B-4B85-96CE-4ECF073DAC41}.Release|Any CPU.ActiveCfg = Release|Any CPU
		{51D406A0-0D0B-4B85-96CE-4ECF073DAC41}.Release|Any CPU.Build.0 = Release|Any CPU
		{20B39195-66A3-4D9E-BACE-8A8EA65C9F7F}.Debug|Any CPU.ActiveCfg = Debug|Any CPU
		{20B39195-66A3-4D9E-BACE-8A8EA65C9F7F}.Debug|Any CPU.Build.0 = Debug|Any CPU
		{20B39195-66A3-4D9E-BACE-8A8EA65C9F7F}.Release|Any CPU.ActiveCfg = Release|Any CPU
		{20B39195-66A3-4D9E-BACE-8A8EA65C9F7F}.Release|Any CPU.Build.0 = Release|Any CPU
	EndGlobalSection
	GlobalSection(SolutionProperties) = preSolution
		HideSolutionNode = FALSE
	EndGlobalSection
	GlobalSection(ExtensibilityGlobals) = postSolution
		SolutionGuid = {65F790A8-187C-4081-A296-178CC0E44B0F}
	EndGlobalSection
EndGlobal
